
Microsoft Visual Studio Solution File, Format Version 12.00
Project("{FAE04EC0-301F-11D3-BF4B-00C04F79EFBC}") = "ApiAIMaker", "ApiAIMaker\ApiAIMaker.csproj", "{39C5F504-6378-4591-A6D0-4A5A780FC24A}"
EndProject
Global
	GlobalSection(SolutionConfigurationPlatforms) = preSolution
		Debug|Any CPU = Debug|Any CPU
		Release|Any CPU = Release|Any CPU
	EndGlobalSection
	GlobalSection(ProjectConfigurationPlatforms) = postSolution
		{39C5F504-6378-4591-A6D0-4A5A780FC24A}.Debug|Any CPU.ActiveCfg = Debug|Any CPU
		{39C5F504-6378-4591-A6D0-4A5A780FC24A}.Debug|Any CPU.Build.0 = Debug|Any CPU
		{39C5F504-6378-4591-A6D0-4A5A780FC24A}.Release|Any CPU.ActiveCfg = Release|Any CPU
		{39C5F504-6378-4591-A6D0-4A5A780FC24A}.Release|Any CPU.Build.0 = Release|Any CPU
	EndGlobalSection
EndGlobal
